
Microsoft Visual Studio Solution File, Format Version 12.00
# Visual Studio Version 17
VisualStudioVersion = 17.2.32630.192
MinimumVisualStudioVersion = 10.0.40219.1
Project("{FAE04EC0-301F-11D3-BF4B-00C04F79EFBC}") = "Heranca_e_Polimorfismo", "Heranca_e_Polimorfismo\Heranca_e_Polimorfismo.csproj", "{4E69B848-F273-45FB-AAA5-F76F08AD15B8}"
EndProject
Global
	GlobalSection(SolutionConfigurationPlatforms) = preSolution
		Debug|Any CPU = Debug|Any CPU
		Release|Any CPU = Release|Any CPU
	EndGlobalSection
	GlobalSection(ProjectConfigurationPlatforms) = postSolution
		{4E69B848-F273-45FB-AAA5-F76F08AD15B8}.Debug|Any CPU.ActiveCfg = Debug|Any CPU
		{4E69B848-F273-45FB-AAA5-F76F08AD15B8}.Debug|Any CPU.Build.0 = Debug|Any CPU
		{4E69B848-F273-45FB-AAA5-F76F08AD15B8}.Release|Any CPU.ActiveCfg = Release|Any CPU
		{4E69B848-F273-45FB-AAA5-F76F08AD15B8}.Release|Any CPU.Build.0 = Release|Any CPU
	EndGlobalSection
	GlobalSection(SolutionProperties) = preSolution
		HideSolutionNode = FALSE
	EndGlobalSection
	GlobalSection(ExtensibilityGlobals) = postSolution
		SolutionGuid = {CD55248C-293E-47CC-A02A-7A3242481C44}
	EndGlobalSection
EndGlobal
